
Microsoft Visual Studio Solution File, Format Version 12.00
# Visual Studio 14
VisualStudioVersion = 14.0.25123.0
MinimumVisualStudioVersion = 10.0.40219.1
Project("{FAE04EC0-301F-11D3-BF4B-00C04F79EFBC}") = "Yoeca.Sql", "Yoeca.Sql\Yoeca.Sql.csproj", "{FAC4508F-C0B8-4E33-A4B3-9632BB0BA42B}"
EndProject
Project("{FAE04EC0-301F-11D3-BF4B-00C04F79EFBC}") = "Yoeca.Sql.Tests", "Yoeca.Sql.Tests\Yoeca.Sql.Tests.csproj", "{F1DAFBD0-1317-4906-A37A-7928A429C00C}"
EndProject
Global
	GlobalSection(SolutionConfigurationPlatforms) = preSolution
		Debug|Any CPU = Debug|Any CPU
		Release|Any CPU = Release|Any CPU
	EndGlobalSection
	GlobalSection(ProjectConfigurationPlatforms) = postSolution
		{FAC4508F-C0B8-4E33-A4B3-9632BB0BA42B}.Debug|Any CPU.ActiveCfg = Debug|Any CPU
		{FAC4508F-C0B8-4E33-A4B3-9632BB0BA42B}.Debug|Any CPU.Build.0 = Debug|Any CPU
		{FAC4508F-C0B8-4E33-A4B3-9632BB0BA42B}.Release|Any CPU.ActiveCfg = Release|Any CPU
		{FAC4508F-C0B8-4E33-A4B3-9632BB0BA42B}.Release|Any CPU.Build.0 = Release|Any CPU
		{F1DAFBD0-1317-4906-A37A-7928A429C00C}.Debug|Any CPU.ActiveCfg = Debug|Any CPU
		{F1DAFBD0-1317-4906-A37A-7928A429C00C}.Debug|Any CPU.Build.0 = Debug|Any CPU
		{F1DAFBD0-1317-4906-A37A-7928A429C00C}.Release|Any CPU.ActiveCfg = Release|Any CPU
		{F1DAFBD0-1317-4906-A37A-7928A429C00C}.Release|Any CPU.Build.0 = Release|Any CPU
	EndGlobalSection
	GlobalSection(SolutionProperties) = preSolution
		HideSolutionNode = FALSE
	EndGlobalSection
EndGlobal
